
Microsoft Visual Studio Solution File, Format Version 12.00
# Visual Studio Version 16
VisualStudioVersion = 16.0.30330.147
MinimumVisualStudioVersion = 10.0.40219.1
Project("{FAE04EC0-301F-11D3-BF4B-00C04F79EFBC}") = "1-PrimeiroProjeto", "1-PrimeiroProjeto\1-PrimeiroProjeto.csproj", "{E13CEB8D-C6F2-4D05-A12F-01426C23FEF2}"
EndProject
Project("{FAE04EC0-301F-11D3-BF4B-00C04F79EFBC}") = "2-CriandoVariaveis", "2-CriandoVariaveis\2-CriandoVariaveis.csproj", "{7E112F48-842F-4FE4-893E-22DC80D9BF03}"
EndProject
Project("{FAE04EC0-301F-11D3-BF4B-00C04F79EFBC}") = "3-CriandoVariaveisPontoFlutuante", "3-CriandoVariaveisPontoFlutuante\3-CriandoVariaveisPontoFlutuante.csproj", "{4A03EC13-C052-40B0-A7D2-277DA67B7F3F}"
EndProject
Project("{FAE04EC0-301F-11D3-BF4B-00C04F79EFBC}") = "4-ConversoesEOutrosTiposNumericos", "4-ConversoesEOutrosTiposNumericos\4-ConversoesEOutrosTiposNumericos.csproj", "{7A001D94-7CFA-4AB0-97E6-8D4AE0EE1C16}"
EndProject
Project("{FAE04EC0-301F-11D3-BF4B-00C04F79EFBC}") = "5-CaracteresETextos", "5-CaracteresETextos\5-CaracteresETextos.csproj", "{38D7E22B-DAB4-461F-9C5A-1D0C932CE6A1}"
EndProject
Global
	GlobalSection(SolutionConfigurationPlatforms) = preSolution
		Debug|Any CPU = Debug|Any CPU
		Release|Any CPU = Release|Any CPU
	EndGlobalSection
	GlobalSection(ProjectConfigurationPlatforms) = postSolution
		{E13CEB8D-C6F2-4D05-A12F-01426C23FEF2}.Debug|Any CPU.ActiveCfg = Debug|Any CPU
		{E13CEB8D-C6F2-4D05-A12F-01426C23FEF2}.Debug|Any CPU.Build.0 = Debug|Any CPU
		{E13CEB8D-C6F2-4D05-A12F-01426C23FEF2}.Release|Any CPU.ActiveCfg = Release|Any CPU
		{E13CEB8D-C6F2-4D05-A12F-01426C23FEF2}.Release|Any CPU.Build.0 = Release|Any CPU
		{7E112F48-842F-4FE4-893E-22DC80D9BF03}.Debug|Any CPU.ActiveCfg = Debug|Any CPU
		{7E112F48-842F-4FE4-893E-22DC80D9BF03}.Debug|Any CPU.Build.0 = Debug|Any CPU
		{7E112F48-842F-4FE4-893E-22DC80D9BF03}.Release|Any CPU.ActiveCfg = Release|Any CPU
		{7E112F48-842F-4FE4-893E-22DC80D9BF03}.Release|Any CPU.Build.0 = Release|Any CPU
		{4A03EC13-C052-40B0-A7D2-277DA67B7F3F}.Debug|Any CPU.ActiveCfg = Debug|Any CPU
		{4A03EC13-C052-40B0-A7D2-277DA67B7F3F}.Debug|Any CPU.Build.0 = Debug|Any CPU
		{4A03EC13-C052-40B0-A7D2-277DA67B7F3F}.Release|Any CPU.ActiveCfg = Release|Any CPU
		{4A03EC13-C052-40B0-A7D2-277DA67B7F3F}.Release|Any CPU.Build.0 = Release|Any CPU
		{7A001D94-7CFA-4AB0-97E6-8D4AE0EE1C16}.Debug|Any CPU.ActiveCfg = Debug|Any CPU
		{7A001D94-7CFA-4AB0-97E6-8D4AE0EE1C16}.Debug|Any CPU.Build.0 = Debug|Any CPU
		{7A001D94-7CFA-4AB0-97E6-8D4AE0EE1C16}.Release|Any CPU.ActiveCfg = Release|Any CPU
		{7A001D94-7CFA-4AB0-97E6-8D4AE0EE1C16}.Release|Any CPU.Build.0 = Release|Any CPU
		{38D7E22B-DAB4-461F-9C5A-1D0C932CE6A1}.Debug|Any CPU.ActiveCfg = Debug|Any CPU
		{38D7E22B-DAB4-461F-9C5A-1D0C932CE6A1}.Debug|Any CPU.Build.0 = Debug|Any CPU
		{38D7E22B-DAB4-461F-9C5A-1D0C932CE6A1}.Release|Any CPU.ActiveCfg = Release|Any CPU
		{38D7E22B-DAB4-461F-9C5A-1D0C932CE6A1}.Release|Any CPU.Build.0 = Release|Any CPU
	EndGlobalSection
	GlobalSection(SolutionProperties) = preSolution
		HideSolutionNode = FALSE
	EndGlobalSection
	GlobalSection(ExtensibilityGlobals) = postSolution
		SolutionGuid = {2041A16F-BECB-4F82-8761-E0325C860B16}
	EndGlobalSection
EndGlobal
